
Microsoft Visual Studio Solution File, Format Version 12.00
# Visual Studio Version 17
VisualStudioVersion = 17.8.34408.163
MinimumVisualStudioVersion = 10.0.40219.1
Project("{FAE04EC0-301F-11D3-BF4B-00C04F79EFBC}") = "asm2", "asm2\asm2.csproj", "{7693D543-80CE-4864-8881-8BD5EF6EFE12}"
EndProject
Global
	GlobalSection(SolutionConfigurationPlatforms) = preSolution
		Debug|Any CPU = Debug|Any CPU
		Release|Any CPU = Release|Any CPU
	EndGlobalSection
	GlobalSection(ProjectConfigurationPlatforms) = postSolution
		{7693D543-80CE-4864-8881-8BD5EF6EFE12}.Debug|Any CPU.ActiveCfg = Debug|Any CPU
		{7693D543-80CE-4864-8881-8BD5EF6EFE12}.Debug|Any CPU.Build.0 = Debug|Any CPU
		{7693D543-80CE-4864-8881-8BD5EF6EFE12}.Release|Any CPU.ActiveCfg = Release|Any CPU
		{7693D543-80CE-4864-8881-8BD5EF6EFE12}.Release|Any CPU.Build.0 = Release|Any CPU
	EndGlobalSection
	GlobalSection(SolutionProperties) = preSolution
		HideSolutionNode = FALSE
	EndGlobalSection
	GlobalSection(ExtensibilityGlobals) = postSolution
		SolutionGuid = {06FDCD36-38B9-4F94-9BB6-5D4794DD1E18}
	EndGlobalSection
EndGlobal
